
Microsoft Visual Studio Solution File, Format Version 12.00
# Visual Studio 15
VisualStudioVersion = 15.0.28307.329
MinimumVisualStudioVersion = 10.0.40219.1
Project("{9A19103F-16F7-4668-BE54-9A1E7A4F7556}") = "Spotify.NetStandard", "Spotify.NetStandard\Spotify.NetStandard.csproj", "{439433FD-5B33-4305-A754-DC2A4A4FF984}"
EndProject
Project("{9A19103F-16F7-4668-BE54-9A1E7A4F7556}") = "Spotify.NetStandard.Test", "Spotify.NetStandard.Test\Spotify.NetStandard.Test.csproj", "{DC082645-06DB-44DD-A8F3-75540679A3A0}"
EndProject
Global
	GlobalSection(SolutionConfigurationPlatforms) = preSolution
		Debug|Any CPU = Debug|Any CPU
		Release|Any CPU = Release|Any CPU
	EndGlobalSection
	GlobalSection(ProjectConfigurationPlatforms) = postSolution
		{439433FD-5B33-4305-A754-DC2A4A4FF984}.Debug|Any CPU.ActiveCfg = Debug|Any CPU
		{439433FD-5B33-4305-A754-DC2A4A4FF984}.Debug|Any CPU.Build.0 = Debug|Any CPU
		{439433FD-5B33-4305-A754-DC2A4A4FF984}.Release|Any CPU.ActiveCfg = Release|Any CPU
		{439433FD-5B33-4305-A754-DC2A4A4FF984}.Release|Any CPU.Build.0 = Release|Any CPU
		{DC082645-06DB-44DD-A8F3-75540679A3A0}.Debug|Any CPU.ActiveCfg = Debug|Any CPU
		{DC082645-06DB-44DD-A8F3-75540679A3A0}.Debug|Any CPU.Build.0 = Debug|Any CPU
		{DC082645-06DB-44DD-A8F3-75540679A3A0}.Release|Any CPU.ActiveCfg = Release|Any CPU
		{DC082645-06DB-44DD-A8F3-75540679A3A0}.Release|Any CPU.Build.0 = Release|Any CPU
	EndGlobalSection
	GlobalSection(SolutionProperties) = preSolution
		HideSolutionNode = FALSE
	EndGlobalSection
	GlobalSection(ExtensibilityGlobals) = postSolution
		SolutionGuid = {1585FF9D-CB3A-42A8-AF00-7E6D23653BD2}
	EndGlobalSection
EndGlobal
